
Microsoft Visual Studio Solution File, Format Version 12.00
# Visual Studio Version 17
VisualStudioVersion = 17.6.33717.318
MinimumVisualStudioVersion = 10.0.40219.1
Project("{FAE04EC0-301F-11D3-BF4B-00C04F79EFBC}") = "MeuBlocoDeNotas", "MeuBlocoDeNotas.csproj", "{B881C874-7059-4D7D-823B-433E791AAD29}"
EndProject
Global
	GlobalSection(SolutionConfigurationPlatforms) = preSolution
		Debug|Any CPU = Debug|Any CPU
		Release|Any CPU = Release|Any CPU
	EndGlobalSection
	GlobalSection(ProjectConfigurationPlatforms) = postSolution
		{B881C874-7059-4D7D-823B-433E791AAD29}.Debug|Any CPU.ActiveCfg = Debug|Any CPU
		{B881C874-7059-4D7D-823B-433E791AAD29}.Debug|Any CPU.Build.0 = Debug|Any CPU
		{B881C874-7059-4D7D-823B-433E791AAD29}.Release|Any CPU.ActiveCfg = Release|Any CPU
		{B881C874-7059-4D7D-823B-433E791AAD29}.Release|Any CPU.Build.0 = Release|Any CPU
	EndGlobalSection
	GlobalSection(SolutionProperties) = preSolution
		HideSolutionNode = FALSE
	EndGlobalSection
	GlobalSection(ExtensibilityGlobals) = postSolution
		SolutionGuid = {041436D5-3295-4753-9A37-3D97C62DA6C8}
	EndGlobalSection
EndGlobal
